{
  "name": "existing_package_json",
  "version": "1.0.0",
  "lockfileVersion": 2,
  "requires": true,
  "packages": {
    "": {
      "name": "existing_package_json",
      "version": "1.0.0",
      "license": "ISC",
      "devDependencies": {
        "@teamkeel/sdk": "file:/Users/adambull/dev/keel/functions/sdk",
        "@types/node": "^18.0.6",
        "typescript": "^4.7.4"
      }
    },
    "../../sdk": {
      "name": "@teamkeel/sdk",
      "version": "0.0.1",
      "dev": true,
      "license": "ISC",
      "dependencies": {
        "typescript": "^4.7.4"
      },
      "devDependencies": {
        "@types/node": "^18.0.0",
        "esbuild": "0.14.47",
        "npm-dts": "^1.3.12"
      }
    },
    "node_modules/@teamkeel/sdk": {
      "resolved": "../../sdk",
      "link": true
    },
    "node_modules/@types/node": {
      "version": "18.6.1",
      "resolved": "https://registry.npmjs.org/@types/node/-/node-18.6.1.tgz",
      "integrity": "sha512-z+2vB6yDt1fNwKOeGbckpmirO+VBDuQqecXkgeIqDlaOtmKn6hPR/viQ8cxCfqLU4fTlvM3+YjM367TukWdxpg==",
      "dev": true
    },
    "node_modules/typescript": {
      "version": "4.7.4",
      "resolved": "https://registry.npmjs.org/typescript/-/typescript-4.7.4.tgz",
      "integrity": "sha512-C0WQT0gezHuw6AdY1M2jxUO83Rjf0HP7Sk1DtXj6j1EwkQNZrHAg2XPWlq62oqEhYvONq5pkC2Y9oPljWToLmQ==",
      "dev": true,
      "bin": {
        "tsc": "bin/tsc",
        "tsserver": "bin/tsserver"
      },
      "engines": {
        "node": ">=4.2.0"
      }
    }
  },
  "dependencies": {
    "@teamkeel/sdk": {
      "version": "file:../../sdk",
      "requires": {
        "@types/node": "^18.0.0",
        "esbuild": "0.14.47",
        "npm-dts": "^1.3.12",
        "typescript": "^4.7.4"
      }
    },
    "@types/node": {
      "version": "18.6.1",
      "resolved": "https://registry.npmjs.org/@types/node/-/node-18.6.1.tgz",
      "integrity": "sha512-z+2vB6yDt1fNwKOeGbckpmirO+VBDuQqecXkgeIqDlaOtmKn6hPR/viQ8cxCfqLU4fTlvM3+YjM367TukWdxpg==",
      "dev": true
    },
    "typescript": {
      "version": "4.7.4",
      "resolved": "https://registry.npmjs.org/typescript/-/typescript-4.7.4.tgz",
      "integrity": "sha512-C0WQT0gezHuw6AdY1M2jxUO83Rjf0HP7Sk1DtXj6j1EwkQNZrHAg2XPWlq62oqEhYvONq5pkC2Y9oPljWToLmQ==",
      "dev": true
    }
  }
}
