{
  "name": "sample_app",
  "version": "1.0.0",
  "lockfileVersion": 2,
  "requires": true,
  "packages": {
    "": {
      "name": "sample_app",
      "version": "1.0.0",
      "devDependencies": {
        "@teamkeel/runtime": "^0.83.2",
        "@teamkeel/sdk": "^0.83.2",
        "@types/node": "^18.0.6",
        "typescript": "^4.7.4"
      }
    },
    "node_modules/@structured-types/api": {
      "version": "3.46.12",
      "resolved": "https://registry.npmjs.org/@structured-types/api/-/api-3.46.12.tgz",
      "integrity": "sha512-vFa4nH4eJnX+nZZx5Odng/NAJ4NtT8NOFXySkLb/a334GjKa4ApsNLK3nnDy11iigmeMJGWXFMAj/Mux5+m2Kw==",
      "dev": true,
      "dependencies": {
        "@structured-types/typescript-config": "^3.46.9",
        "deepmerge": "^4.2.2",
        "path-browserify": "^1.0.1"
      },
      "peerDependencies": {
        "typescript": "^4.2.0"
      }
    },
    "node_modules/@structured-types/typescript-config": {
      "version": "3.46.9",
      "resolved": "https://registry.npmjs.org/@structured-types/typescript-config/-/typescript-config-3.46.9.tgz",
      "integrity": "sha512-hZhrNmywgX0VqeHi6gT7fFSJ1cCBW3iXPTQE4HpABm7VU4MHBwyFETGFTvFKdx8ARC+qK942rysP4NAE/NDcdg==",
      "dev": true,
      "dependencies": {
        "deepmerge": "^4.2.2",
        "path-browserify": "^1.0.1"
      },
      "peerDependencies": {
        "typescript": "^4.0.0"
      }
    },
    "node_modules/@teamkeel/runtime": {
      "version": "0.83.2",
      "resolved": "https://registry.npmjs.org/@teamkeel/runtime/-/runtime-0.83.2.tgz",
      "integrity": "sha512-YNEQJTdU4OvRS03AupPR8Ni0IPdBpfC1GDFi8lDzdqfAhLRt3ALqbZt9U67dsQLKoz8K1Of+RBrbjR3RkFGsLg==",
      "dev": true,
      "dependencies": {
        "@structured-types/api": "^3.46.12",
        "commander": "^9.4.0",
        "typescript": "^4.7.4"
      }
    },
    "node_modules/@teamkeel/sdk": {
      "version": "0.83.2",
      "resolved": "https://registry.npmjs.org/@teamkeel/sdk/-/sdk-0.83.2.tgz",
      "integrity": "sha512-pnN4DZX2JCr7xtXv8Dn1h+sjxypasfaD3r1qn+5aADbJvSvtpFHxONFrlCh0JCaCT5W+pPyb/Ge2ipQaoqPVHA==",
      "dev": true
    },
    "node_modules/@types/node": {
      "version": "18.6.1",
      "resolved": "https://registry.npmjs.org/@types/node/-/node-18.6.1.tgz",
      "integrity": "sha512-z+2vB6yDt1fNwKOeGbckpmirO+VBDuQqecXkgeIqDlaOtmKn6hPR/viQ8cxCfqLU4fTlvM3+YjM367TukWdxpg==",
      "dev": true
    },
    "node_modules/commander": {
      "version": "9.4.0",
      "resolved": "https://registry.npmjs.org/commander/-/commander-9.4.0.tgz",
      "integrity": "sha512-sRPT+umqkz90UA8M1yqYfnHlZA7fF6nSphDtxeywPZ49ysjxDQybzk13CL+mXekDRG92skbcqCLVovuCusNmFw==",
      "dev": true,
      "engines": {
        "node": "^12.20.0 || >=14"
      }
    },
    "node_modules/deepmerge": {
      "version": "4.2.2",
      "resolved": "https://registry.npmjs.org/deepmerge/-/deepmerge-4.2.2.tgz",
      "integrity": "sha512-FJ3UgI4gIl+PHZm53knsuSFpE+nESMr7M4v9QcgB7S63Kj/6WqMiFQJpBBYz1Pt+66bZpP3Q7Lye0Oo9MPKEdg==",
      "dev": true,
      "engines": {
        "node": ">=0.10.0"
      }
    },
    "node_modules/path-browserify": {
      "version": "1.0.1",
      "resolved": "https://registry.npmjs.org/path-browserify/-/path-browserify-1.0.1.tgz",
      "integrity": "sha512-b7uo2UCUOYZcnF/3ID0lulOJi/bafxa1xPe7ZPsammBSpjSWQkjNxlt635YGS2MiR9GjvuXCtz2emr3jbsz98g==",
      "dev": true
    },
    "node_modules/typescript": {
      "version": "4.7.4",
      "resolved": "https://registry.npmjs.org/typescript/-/typescript-4.7.4.tgz",
      "integrity": "sha512-C0WQT0gezHuw6AdY1M2jxUO83Rjf0HP7Sk1DtXj6j1EwkQNZrHAg2XPWlq62oqEhYvONq5pkC2Y9oPljWToLmQ==",
      "dev": true,
      "bin": {
        "tsc": "bin/tsc",
        "tsserver": "bin/tsserver"
      },
      "engines": {
        "node": ">=4.2.0"
      }
    }
  },
  "dependencies": {
    "@structured-types/api": {
      "version": "3.46.12",
      "resolved": "https://registry.npmjs.org/@structured-types/api/-/api-3.46.12.tgz",
      "integrity": "sha512-vFa4nH4eJnX+nZZx5Odng/NAJ4NtT8NOFXySkLb/a334GjKa4ApsNLK3nnDy11iigmeMJGWXFMAj/Mux5+m2Kw==",
      "dev": true,
      "requires": {
        "@structured-types/typescript-config": "^3.46.9",
        "deepmerge": "^4.2.2",
        "path-browserify": "^1.0.1"
      }
    },
    "@structured-types/typescript-config": {
      "version": "3.46.9",
      "resolved": "https://registry.npmjs.org/@structured-types/typescript-config/-/typescript-config-3.46.9.tgz",
      "integrity": "sha512-hZhrNmywgX0VqeHi6gT7fFSJ1cCBW3iXPTQE4HpABm7VU4MHBwyFETGFTvFKdx8ARC+qK942rysP4NAE/NDcdg==",
      "dev": true,
      "requires": {
        "deepmerge": "^4.2.2",
        "path-browserify": "^1.0.1"
      }
    },
    "@teamkeel/runtime": {
      "version": "0.83.2",
      "resolved": "https://registry.npmjs.org/@teamkeel/runtime/-/runtime-0.83.2.tgz",
      "integrity": "sha512-YNEQJTdU4OvRS03AupPR8Ni0IPdBpfC1GDFi8lDzdqfAhLRt3ALqbZt9U67dsQLKoz8K1Of+RBrbjR3RkFGsLg==",
      "dev": true,
      "requires": {
        "@structured-types/api": "^3.46.12",
        "commander": "^9.4.0",
        "typescript": "^4.7.4"
      }
    },
    "@teamkeel/sdk": {
      "version": "0.83.2",
      "resolved": "https://registry.npmjs.org/@teamkeel/sdk/-/sdk-0.83.2.tgz",
      "integrity": "sha512-pnN4DZX2JCr7xtXv8Dn1h+sjxypasfaD3r1qn+5aADbJvSvtpFHxONFrlCh0JCaCT5W+pPyb/Ge2ipQaoqPVHA==",
      "dev": true
    },
    "@types/node": {
      "version": "18.6.1",
      "resolved": "https://registry.npmjs.org/@types/node/-/node-18.6.1.tgz",
      "integrity": "sha512-z+2vB6yDt1fNwKOeGbckpmirO+VBDuQqecXkgeIqDlaOtmKn6hPR/viQ8cxCfqLU4fTlvM3+YjM367TukWdxpg==",
      "dev": true
    },
    "commander": {
      "version": "9.4.0",
      "resolved": "https://registry.npmjs.org/commander/-/commander-9.4.0.tgz",
      "integrity": "sha512-sRPT+umqkz90UA8M1yqYfnHlZA7fF6nSphDtxeywPZ49ysjxDQybzk13CL+mXekDRG92skbcqCLVovuCusNmFw==",
      "dev": true
    },
    "deepmerge": {
      "version": "4.2.2",
      "resolved": "https://registry.npmjs.org/deepmerge/-/deepmerge-4.2.2.tgz",
      "integrity": "sha512-FJ3UgI4gIl+PHZm53knsuSFpE+nESMr7M4v9QcgB7S63Kj/6WqMiFQJpBBYz1Pt+66bZpP3Q7Lye0Oo9MPKEdg==",
      "dev": true
    },
    "path-browserify": {
      "version": "1.0.1",
      "resolved": "https://registry.npmjs.org/path-browserify/-/path-browserify-1.0.1.tgz",
      "integrity": "sha512-b7uo2UCUOYZcnF/3ID0lulOJi/bafxa1xPe7ZPsammBSpjSWQkjNxlt635YGS2MiR9GjvuXCtz2emr3jbsz98g==",
      "dev": true
    },
    "typescript": {
      "version": "4.7.4",
      "resolved": "https://registry.npmjs.org/typescript/-/typescript-4.7.4.tgz",
      "integrity": "sha512-C0WQT0gezHuw6AdY1M2jxUO83Rjf0HP7Sk1DtXj6j1EwkQNZrHAg2XPWlq62oqEhYvONq5pkC2Y9oPljWToLmQ==",
      "dev": true
    }
  }
}
