{
  "name": "sample_app",
  "version": "1.0.0",
  "lockfileVersion": 1,
  "requires": true,
  "dependencies": {
    "@types/node": {
      "version": "18.6.0",
      "resolved": "https://registry.npmjs.org/@types/node/-/node-18.6.0.tgz",
      "integrity": "sha512-WZ/6I1GL0DNAo4bb01lGGKTHH8BHJyECepf11kWONg3OJoHq2WYOm16Es1V54Er7NTUXsbDCpKRKdmBc4X2xhA==",
      "dev": true
    },
    "typescript": {
      "version": "4.7.4",
      "resolved": "https://registry.npmjs.org/typescript/-/typescript-4.7.4.tgz",
      "integrity": "sha512-C0WQT0gezHuw6AdY1M2jxUO83Rjf0HP7Sk1DtXj6j1EwkQNZrHAg2XPWlq62oqEhYvONq5pkC2Y9oPljWToLmQ==",
      "dev": true
    }
  }
}
