{
  "name": "@teamkeel/wasm",
  "version": "0.0.1",
  "lockfileVersion": 2,
  "requires": true,
  "packages": {
    "": {
      "name": "@teamkeel/wasm",
      "version": "0.0.1",
      "dependencies": {
        "typescript": "^4.7.4"
      },
      "devDependencies": {
        "@types/node": "^18.0.0",
        "esbuild": "^0.14.47",
        "esbuild-plugin-wat": "^0.2.7"
      }
    },
    "node_modules/@types/node": {
      "version": "18.0.0",
      "resolved": "https://registry.npmjs.org/@types/node/-/node-18.0.0.tgz",
      "integrity": "sha512-cHlGmko4gWLVI27cGJntjs/Sj8th9aYwplmZFwmmgYQQvL5NUsgVJG7OddLvNfLqYS31KFN0s3qlaD9qCaxACA==",
      "dev": true
    },
    "node_modules/@webassemblyjs/ast": {
      "version": "1.11.1",
      "resolved": "https://github.com/mitschabaude/webassemblyjs/releases/latest/download/webassemblyjs-ast.tgz",
      "integrity": "sha512-cY3aYc1FhZdiE9wUn474Kw+l288fmWZsrfLv8fR8/5q3rcUlYO+YoHewwPDV3L0sJBh48qCKORA/+PqQG7rDYA==",
      "dev": true,
      "license": "MIT",
      "dependencies": {
        "@webassemblyjs/helper-numbers": "https://github.com/mitschabaude/webassemblyjs/releases/download/v1.11.1-3/webassemblyjs-helper-numbers.tgz",
        "@webassemblyjs/helper-wasm-bytecode": "https://github.com/mitschabaude/webassemblyjs/releases/download/v1.11.1-3/webassemblyjs-helper-wasm-bytecode.tgz"
      }
    },
    "node_modules/@webassemblyjs/floating-point-hex-parser": {
      "version": "1.11.1",
      "resolved": "https://github.com/mitschabaude/webassemblyjs/releases/download/v1.11.1-3/webassemblyjs-floating-point-hex-parser.tgz",
      "integrity": "sha512-z+6ExkIgehxOYG/AgXzBrkCJXAA9FmylpeE/85lYPounBo/eylW6NsvOkVcvzL5KETdKdxSbP0dCwxzAA5TFYA==",
      "dev": true,
      "license": "MIT"
    },
    "node_modules/@webassemblyjs/helper-api-error": {
      "version": "1.11.1",
      "resolved": "https://github.com/mitschabaude/webassemblyjs/releases/download/v1.11.1-3/webassemblyjs-helper-api-error.tgz",
      "integrity": "sha512-s47oO2lTrZ4YetGYyu7P4ueUZ3Zl+UfzGySLUFkPlxrV8amp4ySeiG0cS4zE54WYJ5ajG8x+kPcj+wmJmqjc8A==",
      "dev": true,
      "license": "MIT"
    },
    "node_modules/@webassemblyjs/helper-code-frame": {
      "version": "1.11.1",
      "resolved": "https://github.com/mitschabaude/webassemblyjs/releases/download/v1.11.1-3/webassemblyjs-helper-code-frame.tgz",
      "integrity": "sha512-aF2xsJ/LYz6ld4+zNDJ8AsynC3g0UiP1/u+HExz6bPFq55VP7RL0/v22tixuzlfpVkOOrtapt9DL+uFJYSZoZQ==",
      "dev": true,
      "license": "MIT",
      "dependencies": {
        "@webassemblyjs/wast-printer": "https://github.com/mitschabaude/webassemblyjs/releases/download/v1.11.1-3/webassemblyjs-wast-printer.tgz"
      }
    },
    "node_modules/@webassemblyjs/helper-fsm": {
      "version": "1.11.1",
      "resolved": "https://github.com/mitschabaude/webassemblyjs/releases/download/v1.11.1-3/webassemblyjs-helper-fsm.tgz",
      "integrity": "sha512-7GIVVj64wX4PZxQ89p/GjcMgMQW68DikfzSg18neCJvHa6d8+M0G1oUeeu2L+VfKf3DH9qfGwDjjwHiyMeATAg==",
      "dev": true,
      "license": "ISC"
    },
    "node_modules/@webassemblyjs/helper-numbers": {
      "version": "1.11.1",
      "resolved": "https://github.com/mitschabaude/webassemblyjs/releases/download/v1.11.1-3/webassemblyjs-helper-numbers.tgz",
      "integrity": "sha512-G9XJ1H90Po0cIEUgi3JlEg5x35k1WTjIhT1OSa6dWjP6Gu4H3unqUkdbnBHmgrdBx/TKuhm0fHarsIyGsneMSA==",
      "dev": true,
      "license": "MIT",
      "dependencies": {
        "@webassemblyjs/floating-point-hex-parser": "https://github.com/mitschabaude/webassemblyjs/releases/download/v1.11.1-3/webassemblyjs-floating-point-hex-parser.tgz",
        "@webassemblyjs/helper-api-error": "https://github.com/mitschabaude/webassemblyjs/releases/download/v1.11.1-3/webassemblyjs-helper-api-error.tgz",
        "@xtuc/long": "4.2.2"
      }
    },
    "node_modules/@webassemblyjs/helper-wasm-bytecode": {
      "version": "1.11.1",
      "resolved": "https://github.com/mitschabaude/webassemblyjs/releases/download/v1.11.1-3/webassemblyjs-helper-wasm-bytecode.tgz",
      "integrity": "sha512-XPAPtrVginHTCjk4taKHVZq7A1mC8zcLrNS3PTWzR84IX1RUdVI7XpAulr6F6bzBHrpRfm8JDq9PhLxCqEjgvA==",
      "dev": true,
      "license": "MIT"
    },
    "node_modules/@webassemblyjs/ieee754": {
      "version": "1.11.1",
      "resolved": "https://github.com/mitschabaude/webassemblyjs/releases/download/v1.11.1-3/webassemblyjs-ieee754.tgz",
      "integrity": "sha512-xhKvCB2yysf6hg7LE52/0Q4DK9ydWkZIPwhQuGBtatSjwxU1oFd7JxQe+oqd8bmrYEd/W86Cq1FfA81IOpKTqA==",
      "dev": true,
      "license": "MIT",
      "dependencies": {
        "@xtuc/ieee754": "^1.2.0"
      }
    },
    "node_modules/@webassemblyjs/leb128": {
      "version": "1.11.1",
      "resolved": "https://github.com/mitschabaude/webassemblyjs/releases/download/v1.11.1-3/webassemblyjs-leb128.tgz",
      "integrity": "sha512-eXvoK2Q3MG9IXIRmVncysJDk2y7ImoztWbbRE/UytbBAFkw/c2qxTVty3gX2YhoRjAvv9/ifBqVkBZ8uh4/KSg==",
      "dev": true,
      "license": "Apache-2.0",
      "dependencies": {
        "@xtuc/long": "4.2.2"
      }
    },
    "node_modules/@webassemblyjs/utf8": {
      "version": "1.11.1",
      "resolved": "https://github.com/mitschabaude/webassemblyjs/releases/download/v1.11.1-3/webassemblyjs-utf8.tgz",
      "integrity": "sha512-K0M8V6g1+k4hSoP/XdPvAN2y7A2FYP5IThWUTRSif1KhbiggxF1jbiVoq7YLCucWA8MZs/f5p257KKqtSKXP1A==",
      "dev": true,
      "license": "MIT"
    },
    "node_modules/@webassemblyjs/wasm-parser": {
      "version": "1.11.1",
      "resolved": "https://github.com/mitschabaude/webassemblyjs/releases/latest/download/webassemblyjs-wasm-parser.tgz",
      "integrity": "sha512-/jo3/7k69tIuWln/HaHKhTfm3f3zISDmCXKVFeGPc3XMPLr11EY0p3zPyHG1SKHkWETdG5LJIhMaD+CAlfk6qg==",
      "dev": true,
      "license": "MIT",
      "dependencies": {
        "@webassemblyjs/ast": "https://github.com/mitschabaude/webassemblyjs/releases/download/v1.11.1-3/webassemblyjs-ast.tgz",
        "@webassemblyjs/helper-api-error": "https://github.com/mitschabaude/webassemblyjs/releases/download/v1.11.1-3/webassemblyjs-helper-api-error.tgz",
        "@webassemblyjs/helper-wasm-bytecode": "https://github.com/mitschabaude/webassemblyjs/releases/download/v1.11.1-3/webassemblyjs-helper-wasm-bytecode.tgz",
        "@webassemblyjs/ieee754": "https://github.com/mitschabaude/webassemblyjs/releases/download/v1.11.1-3/webassemblyjs-ieee754.tgz",
        "@webassemblyjs/leb128": "https://github.com/mitschabaude/webassemblyjs/releases/download/v1.11.1-3/webassemblyjs-leb128.tgz",
        "@webassemblyjs/utf8": "https://github.com/mitschabaude/webassemblyjs/releases/download/v1.11.1-3/webassemblyjs-utf8.tgz"
      }
    },
    "node_modules/@webassemblyjs/wast-parser": {
      "version": "1.11.1",
      "resolved": "https://github.com/mitschabaude/webassemblyjs/releases/latest/download/webassemblyjs-wast-parser.tgz",
      "integrity": "sha512-DVGZfBnzYbqyHuvAKGiDc8gw0s0MITY2zrsPGvtx2XpaNJ1tHaeNpyOHs+GvN6/k7VsuEmNqrIzTpl6apw1oSQ==",
      "dev": true,
      "license": "MIT",
      "dependencies": {
        "@webassemblyjs/ast": "https://github.com/mitschabaude/webassemblyjs/releases/download/v1.11.1-3/webassemblyjs-ast.tgz",
        "@webassemblyjs/floating-point-hex-parser": "https://github.com/mitschabaude/webassemblyjs/releases/download/v1.11.1-3/webassemblyjs-floating-point-hex-parser.tgz",
        "@webassemblyjs/helper-api-error": "https://github.com/mitschabaude/webassemblyjs/releases/download/v1.11.1-3/webassemblyjs-helper-api-error.tgz",
        "@webassemblyjs/helper-code-frame": "https://github.com/mitschabaude/webassemblyjs/releases/download/v1.11.1-3/webassemblyjs-helper-code-frame.tgz",
        "@webassemblyjs/helper-fsm": "https://github.com/mitschabaude/webassemblyjs/releases/download/v1.11.1-3/webassemblyjs-helper-fsm.tgz",
        "@xtuc/long": "4.2.2"
      }
    },
    "node_modules/@webassemblyjs/wast-printer": {
      "version": "1.11.1",
      "resolved": "https://github.com/mitschabaude/webassemblyjs/releases/latest/download/webassemblyjs-wast-printer.tgz",
      "integrity": "sha512-WFuDIpmoSfU0Du2GA/UGluMJLgKWALsGPcvkDFg3GDgxdDyva1hIW+8K6frSbv/YTwo50gBhW5dw4OB7cr6T5Q==",
      "dev": true,
      "license": "MIT",
      "dependencies": {
        "@webassemblyjs/ast": "https://github.com/mitschabaude/webassemblyjs/releases/download/v1.11.1-3/webassemblyjs-ast.tgz",
        "@xtuc/long": "4.2.2"
      }
    },
    "node_modules/@xtuc/ieee754": {
      "version": "1.2.0",
      "resolved": "https://registry.npmjs.org/@xtuc/ieee754/-/ieee754-1.2.0.tgz",
      "integrity": "sha512-DX8nKgqcGwsc0eJSqYt5lwP4DH5FlHnmuWWBRy7X0NcaGR0ZtuyeESgMwTYVEtxmsNGY+qit4QYT/MIYTOTPeA==",
      "dev": true
    },
    "node_modules/@xtuc/long": {
      "version": "4.2.2",
      "resolved": "https://registry.npmjs.org/@xtuc/long/-/long-4.2.2.tgz",
      "integrity": "sha512-NuHqBY1PB/D8xU6s/thBgOAiAP7HOYDQ32+BFZILJ8ivkUkAHQnWfn6WhL79Owj1qmUnoN/YPhktdIoucipkAQ==",
      "dev": true
    },
    "node_modules/binaryen": {
      "version": "109.0.0",
      "resolved": "https://registry.npmjs.org/binaryen/-/binaryen-109.0.0.tgz",
      "integrity": "sha512-Sslc4IiG9hh8+sX9cGkEWZm62FWfGFR8TYaDxVsaxqsa0L8zaD779S+16YX73CbA8n5YLjjCvY4R1duXMDzB0g==",
      "dev": true,
      "bin": {
        "wasm-opt": "bin/wasm-opt",
        "wasm2js": "bin/wasm2js"
      }
    },
    "node_modules/commondir": {
      "version": "1.0.1",
      "resolved": "https://registry.npmjs.org/commondir/-/commondir-1.0.1.tgz",
      "integrity": "sha512-W9pAhw0ja1Edb5GVdIF1mjZw/ASI0AlShXM83UUGe2DVr5TdAPEA1OA8m/g8zWp9x6On7gqufY+FatDbC3MDQg==",
      "dev": true
    },
    "node_modules/es-module-lexer": {
      "version": "0.4.1",
      "resolved": "https://registry.npmjs.org/es-module-lexer/-/es-module-lexer-0.4.1.tgz",
      "integrity": "sha512-ooYciCUtfw6/d2w56UVeqHPcoCFAiJdz5XOkYpv/Txl1HMUozpXjz/2RIQgqwKdXNDPSF1W7mJCFse3G+HDyAA==",
      "dev": true
    },
    "node_modules/esbuild": {
      "version": "0.14.47",
      "resolved": "https://registry.npmjs.org/esbuild/-/esbuild-0.14.47.tgz",
      "integrity": "sha512-wI4ZiIfFxpkuxB8ju4MHrGwGLyp1+awEHAHVpx6w7a+1pmYIq8T9FGEVVwFo0iFierDoMj++Xq69GXWYn2EiwA==",
      "dev": true,
      "hasInstallScript": true,
      "bin": {
        "esbuild": "bin/esbuild"
      },
      "engines": {
        "node": ">=12"
      },
      "optionalDependencies": {
        "esbuild-android-64": "0.14.47",
        "esbuild-android-arm64": "0.14.47",
        "esbuild-darwin-64": "0.14.47",
        "esbuild-darwin-arm64": "0.14.47",
        "esbuild-freebsd-64": "0.14.47",
        "esbuild-freebsd-arm64": "0.14.47",
        "esbuild-linux-32": "0.14.47",
        "esbuild-linux-64": "0.14.47",
        "esbuild-linux-arm": "0.14.47",
        "esbuild-linux-arm64": "0.14.47",
        "esbuild-linux-mips64le": "0.14.47",
        "esbuild-linux-ppc64le": "0.14.47",
        "esbuild-linux-riscv64": "0.14.47",
        "esbuild-linux-s390x": "0.14.47",
        "esbuild-netbsd-64": "0.14.47",
        "esbuild-openbsd-64": "0.14.47",
        "esbuild-sunos-64": "0.14.47",
        "esbuild-windows-32": "0.14.47",
        "esbuild-windows-64": "0.14.47",
        "esbuild-windows-arm64": "0.14.47"
      }
    },
    "node_modules/esbuild-android-64": {
      "version": "0.14.47",
      "resolved": "https://registry.npmjs.org/esbuild-android-64/-/esbuild-android-64-0.14.47.tgz",
      "integrity": "sha512-R13Bd9+tqLVFndncMHssZrPWe6/0Kpv2/dt4aA69soX4PRxlzsVpCvoJeFE8sOEoeVEiBkI0myjlkDodXlHa0g==",
      "cpu": [
        "x64"
      ],
      "dev": true,
      "optional": true,
      "os": [
        "android"
      ],
      "engines": {
        "node": ">=12"
      }
    },
    "node_modules/esbuild-android-arm64": {
      "version": "0.14.47",
      "resolved": "https://registry.npmjs.org/esbuild-android-arm64/-/esbuild-android-arm64-0.14.47.tgz",
      "integrity": "sha512-OkwOjj7ts4lBp/TL6hdd8HftIzOy/pdtbrNA4+0oVWgGG64HrdVzAF5gxtJufAPOsEjkyh1oIYvKAUinKKQRSQ==",
      "cpu": [
        "arm64"
      ],
      "dev": true,
      "optional": true,
      "os": [
        "android"
      ],
      "engines": {
        "node": ">=12"
      }
    },
    "node_modules/esbuild-darwin-64": {
      "version": "0.14.47",
      "resolved": "https://registry.npmjs.org/esbuild-darwin-64/-/esbuild-darwin-64-0.14.47.tgz",
      "integrity": "sha512-R6oaW0y5/u6Eccti/TS6c/2c1xYTb1izwK3gajJwi4vIfNs1s8B1dQzI1UiC9T61YovOQVuePDcfqHLT3mUZJA==",
      "cpu": [
        "x64"
      ],
      "dev": true,
      "optional": true,
      "os": [
        "darwin"
      ],
      "engines": {
        "node": ">=12"
      }
    },
    "node_modules/esbuild-darwin-arm64": {
      "version": "0.14.47",
      "resolved": "https://registry.npmjs.org/esbuild-darwin-arm64/-/esbuild-darwin-arm64-0.14.47.tgz",
      "integrity": "sha512-seCmearlQyvdvM/noz1L9+qblC5vcBrhUaOoLEDDoLInF/VQ9IkobGiLlyTPYP5dW1YD4LXhtBgOyevoIHGGnw==",
      "cpu": [
        "arm64"
      ],
      "dev": true,
      "optional": true,
      "os": [
        "darwin"
      ],
      "engines": {
        "node": ">=12"
      }
    },
    "node_modules/esbuild-freebsd-64": {
      "version": "0.14.47",
      "resolved": "https://registry.npmjs.org/esbuild-freebsd-64/-/esbuild-freebsd-64-0.14.47.tgz",
      "integrity": "sha512-ZH8K2Q8/Ux5kXXvQMDsJcxvkIwut69KVrYQhza/ptkW50DC089bCVrJZZ3sKzIoOx+YPTrmsZvqeZERjyYrlvQ==",
      "cpu": [
        "x64"
      ],
      "dev": true,
      "optional": true,
      "os": [
        "freebsd"
      ],
      "engines": {
        "node": ">=12"
      }
    },
    "node_modules/esbuild-freebsd-arm64": {
      "version": "0.14.47",
      "resolved": "https://registry.npmjs.org/esbuild-freebsd-arm64/-/esbuild-freebsd-arm64-0.14.47.tgz",
      "integrity": "sha512-ZJMQAJQsIOhn3XTm7MPQfCzEu5b9STNC+s90zMWe2afy9EwnHV7Ov7ohEMv2lyWlc2pjqLW8QJnz2r0KZmeAEQ==",
      "cpu": [
        "arm64"
      ],
      "dev": true,
      "optional": true,
      "os": [
        "freebsd"
      ],
      "engines": {
        "node": ">=12"
      }
    },
    "node_modules/esbuild-linux-32": {
      "version": "0.14.47",
      "resolved": "https://registry.npmjs.org/esbuild-linux-32/-/esbuild-linux-32-0.14.47.tgz",
      "integrity": "sha512-FxZOCKoEDPRYvq300lsWCTv1kcHgiiZfNrPtEhFAiqD7QZaXrad8LxyJ8fXGcWzIFzRiYZVtB3ttvITBvAFhKw==",
      "cpu": [
        "ia32"
      ],
      "dev": true,
      "optional": true,
      "os": [
        "linux"
      ],
      "engines": {
        "node": ">=12"
      }
    },
    "node_modules/esbuild-linux-64": {
      "version": "0.14.47",
      "resolved": "https://registry.npmjs.org/esbuild-linux-64/-/esbuild-linux-64-0.14.47.tgz",
      "integrity": "sha512-nFNOk9vWVfvWYF9YNYksZptgQAdstnDCMtR6m42l5Wfugbzu11VpMCY9XrD4yFxvPo9zmzcoUL/88y0lfJZJJw==",
      "cpu": [
        "x64"
      ],
      "dev": true,
      "optional": true,
      "os": [
        "linux"
      ],
      "engines": {
        "node": ">=12"
      }
    },
    "node_modules/esbuild-linux-arm": {
      "version": "0.14.47",
      "resolved": "https://registry.npmjs.org/esbuild-linux-arm/-/esbuild-linux-arm-0.14.47.tgz",
      "integrity": "sha512-ZGE1Bqg/gPRXrBpgpvH81tQHpiaGxa8c9Rx/XOylkIl2ypLuOcawXEAo8ls+5DFCcRGt/o3sV+PzpAFZobOsmA==",
      "cpu": [
        "arm"
      ],
      "dev": true,
      "optional": true,
      "os": [
        "linux"
      ],
      "engines": {
        "node": ">=12"
      }
    },
    "node_modules/esbuild-linux-arm64": {
      "version": "0.14.47",
      "resolved": "https://registry.npmjs.org/esbuild-linux-arm64/-/esbuild-linux-arm64-0.14.47.tgz",
      "integrity": "sha512-ywfme6HVrhWcevzmsufjd4iT3PxTfCX9HOdxA7Hd+/ZM23Y9nXeb+vG6AyA6jgq/JovkcqRHcL9XwRNpWG6XRw==",
      "cpu": [
        "arm64"
      ],
      "dev": true,
      "optional": true,
      "os": [
        "linux"
      ],
      "engines": {
        "node": ">=12"
      }
    },
    "node_modules/esbuild-linux-mips64le": {
      "version": "0.14.47",
      "resolved": "https://registry.npmjs.org/esbuild-linux-mips64le/-/esbuild-linux-mips64le-0.14.47.tgz",
      "integrity": "sha512-mg3D8YndZ1LvUiEdDYR3OsmeyAew4MA/dvaEJxvyygahWmpv1SlEEnhEZlhPokjsUMfRagzsEF/d/2XF+kTQGg==",
      "cpu": [
        "mips64el"
      ],
      "dev": true,
      "optional": true,
      "os": [
        "linux"
      ],
      "engines": {
        "node": ">=12"
      }
    },
    "node_modules/esbuild-linux-ppc64le": {
      "version": "0.14.47",
      "resolved": "https://registry.npmjs.org/esbuild-linux-ppc64le/-/esbuild-linux-ppc64le-0.14.47.tgz",
      "integrity": "sha512-WER+f3+szmnZiWoK6AsrTKGoJoErG2LlauSmk73LEZFQ/iWC+KhhDsOkn1xBUpzXWsxN9THmQFltLoaFEH8F8w==",
      "cpu": [
        "ppc64"
      ],
      "dev": true,
      "optional": true,
      "os": [
        "linux"
      ],
      "engines": {
        "node": ">=12"
      }
    },
    "node_modules/esbuild-linux-riscv64": {
      "version": "0.14.47",
      "resolved": "https://registry.npmjs.org/esbuild-linux-riscv64/-/esbuild-linux-riscv64-0.14.47.tgz",
      "integrity": "sha512-1fI6bP3A3rvI9BsaaXbMoaOjLE3lVkJtLxsgLHqlBhLlBVY7UqffWBvkrX/9zfPhhVMd9ZRFiaqXnB1T7BsL2g==",
      "cpu": [
        "riscv64"
      ],
      "dev": true,
      "optional": true,
      "os": [
        "linux"
      ],
      "engines": {
        "node": ">=12"
      }
    },
    "node_modules/esbuild-linux-s390x": {
      "version": "0.14.47",
      "resolved": "https://registry.npmjs.org/esbuild-linux-s390x/-/esbuild-linux-s390x-0.14.47.tgz",
      "integrity": "sha512-eZrWzy0xFAhki1CWRGnhsHVz7IlSKX6yT2tj2Eg8lhAwlRE5E96Hsb0M1mPSE1dHGpt1QVwwVivXIAacF/G6mw==",
      "cpu": [
        "s390x"
      ],
      "dev": true,
      "optional": true,
      "os": [
        "linux"
      ],
      "engines": {
        "node": ">=12"
      }
    },
    "node_modules/esbuild-netbsd-64": {
      "version": "0.14.47",
      "resolved": "https://registry.npmjs.org/esbuild-netbsd-64/-/esbuild-netbsd-64-0.14.47.tgz",
      "integrity": "sha512-Qjdjr+KQQVH5Q2Q1r6HBYswFTToPpss3gqCiSw2Fpq/ua8+eXSQyAMG+UvULPqXceOwpnPo4smyZyHdlkcPppQ==",
      "cpu": [
        "x64"
      ],
      "dev": true,
      "optional": true,
      "os": [
        "netbsd"
      ],
      "engines": {
        "node": ">=12"
      }
    },
    "node_modules/esbuild-openbsd-64": {
      "version": "0.14.47",
      "resolved": "https://registry.npmjs.org/esbuild-openbsd-64/-/esbuild-openbsd-64-0.14.47.tgz",
      "integrity": "sha512-QpgN8ofL7B9z8g5zZqJE+eFvD1LehRlxr25PBkjyyasakm4599iroUpaj96rdqRlO2ShuyqwJdr+oNqWwTUmQw==",
      "cpu": [
        "x64"
      ],
      "dev": true,
      "optional": true,
      "os": [
        "openbsd"
      ],
      "engines": {
        "node": ">=12"
      }
    },
    "node_modules/esbuild-plugin-wat": {
      "version": "0.2.7",
      "resolved": "https://registry.npmjs.org/esbuild-plugin-wat/-/esbuild-plugin-wat-0.2.7.tgz",
      "integrity": "sha512-Hb2BJHezVrKDu3zY/gAKdLa5j3l8ybgi7UDgxFHwpxjMRqmMgceBa1FIQLZovfh5bhbl1u0n4MMnhRS0yM1BNg==",
      "dev": true,
      "dependencies": {
        "@webassemblyjs/ast": "https://github.com/mitschabaude/webassemblyjs/releases/latest/download/webassemblyjs-ast.tgz",
        "@webassemblyjs/wasm-parser": "https://github.com/mitschabaude/webassemblyjs/releases/latest/download/webassemblyjs-wasm-parser.tgz",
        "@webassemblyjs/wast-parser": "https://github.com/mitschabaude/webassemblyjs/releases/latest/download/webassemblyjs-wast-parser.tgz",
        "@webassemblyjs/wast-printer": "https://github.com/mitschabaude/webassemblyjs/releases/latest/download/webassemblyjs-wast-printer.tgz",
        "binaryen": "latest",
        "find-cache-dir": "^3.3.1",
        "minimist": "^1.2.5",
        "parse-imports": "^1.1.0",
        "wabt": "latest"
      },
      "bin": {
        "watbundle": "bin/watbundle.js"
      }
    },
    "node_modules/esbuild-sunos-64": {
      "version": "0.14.47",
      "resolved": "https://registry.npmjs.org/esbuild-sunos-64/-/esbuild-sunos-64-0.14.47.tgz",
      "integrity": "sha512-uOeSgLUwukLioAJOiGYm3kNl+1wJjgJA8R671GYgcPgCx7QR73zfvYqXFFcIO93/nBdIbt5hd8RItqbbf3HtAQ==",
      "cpu": [
        "x64"
      ],
      "dev": true,
      "optional": true,
      "os": [
        "sunos"
      ],
      "engines": {
        "node": ">=12"
      }
    },
    "node_modules/esbuild-windows-32": {
      "version": "0.14.47",
      "resolved": "https://registry.npmjs.org/esbuild-windows-32/-/esbuild-windows-32-0.14.47.tgz",
      "integrity": "sha512-H0fWsLTp2WBfKLBgwYT4OTfFly4Im/8B5f3ojDv1Kx//kiubVY0IQunP2Koc/fr/0wI7hj3IiBDbSrmKlrNgLQ==",
      "cpu": [
        "ia32"
      ],
      "dev": true,
      "optional": true,
      "os": [
        "win32"
      ],
      "engines": {
        "node": ">=12"
      }
    },
    "node_modules/esbuild-windows-64": {
      "version": "0.14.47",
      "resolved": "https://registry.npmjs.org/esbuild-windows-64/-/esbuild-windows-64-0.14.47.tgz",
      "integrity": "sha512-/Pk5jIEH34T68r8PweKRi77W49KwanZ8X6lr3vDAtOlH5EumPE4pBHqkCUdELanvsT14yMXLQ/C/8XPi1pAtkQ==",
      "cpu": [
        "x64"
      ],
      "dev": true,
      "optional": true,
      "os": [
        "win32"
      ],
      "engines": {
        "node": ">=12"
      }
    },
    "node_modules/esbuild-windows-arm64": {
      "version": "0.14.47",
      "resolved": "https://registry.npmjs.org/esbuild-windows-arm64/-/esbuild-windows-arm64-0.14.47.tgz",
      "integrity": "sha512-HFSW2lnp62fl86/qPQlqw6asIwCnEsEoNIL1h2uVMgakddf+vUuMcCbtUY1i8sst7KkgHrVKCJQB33YhhOweCQ==",
      "cpu": [
        "arm64"
      ],
      "dev": true,
      "optional": true,
      "os": [
        "win32"
      ],
      "engines": {
        "node": ">=12"
      }
    },
    "node_modules/find-cache-dir": {
      "version": "3.3.2",
      "resolved": "https://registry.npmjs.org/find-cache-dir/-/find-cache-dir-3.3.2.tgz",
      "integrity": "sha512-wXZV5emFEjrridIgED11OoUKLxiYjAcqot/NJdAkOhlJ+vGzwhOAfcG5OX1jP+S0PcjEn8bdMJv+g2jwQ3Onig==",
      "dev": true,
      "dependencies": {
        "commondir": "^1.0.1",
        "make-dir": "^3.0.2",
        "pkg-dir": "^4.1.0"
      },
      "engines": {
        "node": ">=8"
      },
      "funding": {
        "url": "https://github.com/avajs/find-cache-dir?sponsor=1"
      }
    },
    "node_modules/find-up": {
      "version": "4.1.0",
      "resolved": "https://registry.npmjs.org/find-up/-/find-up-4.1.0.tgz",
      "integrity": "sha512-PpOwAdQ/YlXQ2vj8a3h8IipDuYRi3wceVQQGYWxNINccq40Anw7BlsEXCMbt1Zt+OLA6Fq9suIpIWD0OsnISlw==",
      "dev": true,
      "dependencies": {
        "locate-path": "^5.0.0",
        "path-exists": "^4.0.0"
      },
      "engines": {
        "node": ">=8"
      }
    },
    "node_modules/locate-path": {
      "version": "5.0.0",
      "resolved": "https://registry.npmjs.org/locate-path/-/locate-path-5.0.0.tgz",
      "integrity": "sha512-t7hw9pI+WvuwNJXwk5zVHpyhIqzg2qTlklJOf0mVxGSbe3Fp2VieZcduNYjaLDoy6p9uGpQEGWG87WpMKlNq8g==",
      "dev": true,
      "dependencies": {
        "p-locate": "^4.1.0"
      },
      "engines": {
        "node": ">=8"
      }
    },
    "node_modules/make-dir": {
      "version": "3.1.0",
      "resolved": "https://registry.npmjs.org/make-dir/-/make-dir-3.1.0.tgz",
      "integrity": "sha512-g3FeP20LNwhALb/6Cz6Dd4F2ngze0jz7tbzrD2wAV+o9FeNHe4rL+yK2md0J/fiSf1sa1ADhXqi5+oVwOM/eGw==",
      "dev": true,
      "dependencies": {
        "semver": "^6.0.0"
      },
      "engines": {
        "node": ">=8"
      },
      "funding": {
        "url": "https://github.com/sponsors/sindresorhus"
      }
    },
    "node_modules/minimist": {
      "version": "1.2.6",
      "resolved": "https://registry.npmjs.org/minimist/-/minimist-1.2.6.tgz",
      "integrity": "sha512-Jsjnk4bw3YJqYzbdyBiNsPWHPfO++UGG749Cxs6peCu5Xg4nrena6OVxOYxrQTqww0Jmwt+Ref8rggumkTLz9Q==",
      "dev": true
    },
    "node_modules/p-limit": {
      "version": "2.3.0",
      "resolved": "https://registry.npmjs.org/p-limit/-/p-limit-2.3.0.tgz",
      "integrity": "sha512-//88mFWSJx8lxCzwdAABTJL2MyWB12+eIY7MDL2SqLmAkeKU9qxRvWuSyTjm3FUmpBEMuFfckAIqEaVGUDxb6w==",
      "dev": true,
      "dependencies": {
        "p-try": "^2.0.0"
      },
      "engines": {
        "node": ">=6"
      },
      "funding": {
        "url": "https://github.com/sponsors/sindresorhus"
      }
    },
    "node_modules/p-locate": {
      "version": "4.1.0",
      "resolved": "https://registry.npmjs.org/p-locate/-/p-locate-4.1.0.tgz",
      "integrity": "sha512-R79ZZ/0wAxKGu3oYMlz8jy/kbhsNrS7SKZ7PxEHBgJ5+F2mtFW2fK2cOtBh1cHYkQsbzFV7I+EoRKe6Yt0oK7A==",
      "dev": true,
      "dependencies": {
        "p-limit": "^2.2.0"
      },
      "engines": {
        "node": ">=8"
      }
    },
    "node_modules/p-try": {
      "version": "2.2.0",
      "resolved": "https://registry.npmjs.org/p-try/-/p-try-2.2.0.tgz",
      "integrity": "sha512-R4nPAVTAU0B9D35/Gk3uJf/7XYbQcyohSKdvAxIRSNghFl4e71hVoGnBNQz9cWaXxO2I10KTC+3jMdvvoKw6dQ==",
      "dev": true,
      "engines": {
        "node": ">=6"
      }
    },
    "node_modules/parse-imports": {
      "version": "1.1.0",
      "resolved": "https://registry.npmjs.org/parse-imports/-/parse-imports-1.1.0.tgz",
      "integrity": "sha512-ov3Rc9e3wX9+BLR7nFx08+ThdLJfzi8ZXQrqZXfmuxdL+JCCN24m2uuBFBoaa/yyiZ9s8HjcHGDKSXJbKAyDQA==",
      "dev": true,
      "dependencies": {
        "es-module-lexer": "0.4.1",
        "slashes": "2.0.2"
      },
      "engines": {
        "node": ">= 12.17"
      }
    },
    "node_modules/path-exists": {
      "version": "4.0.0",
      "resolved": "https://registry.npmjs.org/path-exists/-/path-exists-4.0.0.tgz",
      "integrity": "sha512-ak9Qy5Q7jYb2Wwcey5Fpvg2KoAc/ZIhLSLOSBmRmygPsGwkVVt0fZa0qrtMz+m6tJTAHfZQ8FnmB4MG4LWy7/w==",
      "dev": true,
      "engines": {
        "node": ">=8"
      }
    },
    "node_modules/pkg-dir": {
      "version": "4.2.0",
      "resolved": "https://registry.npmjs.org/pkg-dir/-/pkg-dir-4.2.0.tgz",
      "integrity": "sha512-HRDzbaKjC+AOWVXxAU/x54COGeIv9eb+6CkDSQoNTt4XyWoIJvuPsXizxu/Fr23EiekbtZwmh1IcIG/l/a10GQ==",
      "dev": true,
      "dependencies": {
        "find-up": "^4.0.0"
      },
      "engines": {
        "node": ">=8"
      }
    },
    "node_modules/semver": {
      "version": "6.3.0",
      "resolved": "https://registry.npmjs.org/semver/-/semver-6.3.0.tgz",
      "integrity": "sha512-b39TBaTSfV6yBrapU89p5fKekE2m/NwnDocOVruQFS1/veMgdzuPcnOM34M6CwxW8jH/lxEa5rBoDeUwu5HHTw==",
      "dev": true,
      "bin": {
        "semver": "bin/semver.js"
      }
    },
    "node_modules/slashes": {
      "version": "2.0.2",
      "resolved": "https://registry.npmjs.org/slashes/-/slashes-2.0.2.tgz",
      "integrity": "sha512-68p+QkFAQQRetIUzNXAdktNJr8AYLxJukjBegYQz8F7VATsBJG621UYtY/vS2j9jerxdJ1k6Tc25K4DXEw1d5w==",
      "dev": true
    },
    "node_modules/typescript": {
      "version": "4.7.4",
      "resolved": "https://registry.npmjs.org/typescript/-/typescript-4.7.4.tgz",
      "integrity": "sha512-C0WQT0gezHuw6AdY1M2jxUO83Rjf0HP7Sk1DtXj6j1EwkQNZrHAg2XPWlq62oqEhYvONq5pkC2Y9oPljWToLmQ==",
      "bin": {
        "tsc": "bin/tsc",
        "tsserver": "bin/tsserver"
      },
      "engines": {
        "node": ">=4.2.0"
      }
    },
    "node_modules/wabt": {
      "version": "1.0.29",
      "resolved": "https://registry.npmjs.org/wabt/-/wabt-1.0.29.tgz",
      "integrity": "sha512-taUwem3bYn5ZrDYSNqJ2lIAXA3t0Xon7rLjRa8PZ21h8vp0IP5SKyozcWFhv8PPC07KJkGWpDuSCnzSdJ01YsA==",
      "dev": true,
      "bin": {
        "wasm-decompile": "bin/wasm-decompile",
        "wasm-interp": "bin/wasm-interp",
        "wasm-objdump": "bin/wasm-objdump",
        "wasm-opcodecnt": "bin/wasm-opcodecnt",
        "wasm-strip": "bin/wasm-strip",
        "wasm-validate": "bin/wasm-validate",
        "wasm2c": "bin/wasm2c",
        "wasm2wat": "bin/wasm2wat",
        "wat2wasm": "bin/wat2wasm"
      }
    }
  },
  "dependencies": {
    "@types/node": {
      "version": "18.0.0",
      "resolved": "https://registry.npmjs.org/@types/node/-/node-18.0.0.tgz",
      "integrity": "sha512-cHlGmko4gWLVI27cGJntjs/Sj8th9aYwplmZFwmmgYQQvL5NUsgVJG7OddLvNfLqYS31KFN0s3qlaD9qCaxACA==",
      "dev": true
    },
    "@webassemblyjs/ast": {
      "version": "https://github.com/mitschabaude/webassemblyjs/releases/latest/download/webassemblyjs-ast.tgz",
      "integrity": "sha512-cY3aYc1FhZdiE9wUn474Kw+l288fmWZsrfLv8fR8/5q3rcUlYO+YoHewwPDV3L0sJBh48qCKORA/+PqQG7rDYA==",
      "dev": true,
      "requires": {
        "@webassemblyjs/helper-numbers": "https://github.com/mitschabaude/webassemblyjs/releases/download/v1.11.1-3/webassemblyjs-helper-numbers.tgz",
        "@webassemblyjs/helper-wasm-bytecode": "https://github.com/mitschabaude/webassemblyjs/releases/download/v1.11.1-3/webassemblyjs-helper-wasm-bytecode.tgz"
      }
    },
    "@webassemblyjs/floating-point-hex-parser": {
      "version": "https://github.com/mitschabaude/webassemblyjs/releases/download/v1.11.1-3/webassemblyjs-floating-point-hex-parser.tgz",
      "integrity": "sha512-z+6ExkIgehxOYG/AgXzBrkCJXAA9FmylpeE/85lYPounBo/eylW6NsvOkVcvzL5KETdKdxSbP0dCwxzAA5TFYA==",
      "dev": true
    },
    "@webassemblyjs/helper-api-error": {
      "version": "https://github.com/mitschabaude/webassemblyjs/releases/download/v1.11.1-3/webassemblyjs-helper-api-error.tgz",
      "integrity": "sha512-s47oO2lTrZ4YetGYyu7P4ueUZ3Zl+UfzGySLUFkPlxrV8amp4ySeiG0cS4zE54WYJ5ajG8x+kPcj+wmJmqjc8A==",
      "dev": true
    },
    "@webassemblyjs/helper-code-frame": {
      "version": "https://github.com/mitschabaude/webassemblyjs/releases/download/v1.11.1-3/webassemblyjs-helper-code-frame.tgz",
      "integrity": "sha512-aF2xsJ/LYz6ld4+zNDJ8AsynC3g0UiP1/u+HExz6bPFq55VP7RL0/v22tixuzlfpVkOOrtapt9DL+uFJYSZoZQ==",
      "dev": true,
      "requires": {
        "@webassemblyjs/wast-printer": "https://github.com/mitschabaude/webassemblyjs/releases/download/v1.11.1-3/webassemblyjs-wast-printer.tgz"
      }
    },
    "@webassemblyjs/helper-fsm": {
      "version": "https://github.com/mitschabaude/webassemblyjs/releases/download/v1.11.1-3/webassemblyjs-helper-fsm.tgz",
      "integrity": "sha512-7GIVVj64wX4PZxQ89p/GjcMgMQW68DikfzSg18neCJvHa6d8+M0G1oUeeu2L+VfKf3DH9qfGwDjjwHiyMeATAg==",
      "dev": true
    },
    "@webassemblyjs/helper-numbers": {
      "version": "https://github.com/mitschabaude/webassemblyjs/releases/download/v1.11.1-3/webassemblyjs-helper-numbers.tgz",
      "integrity": "sha512-G9XJ1H90Po0cIEUgi3JlEg5x35k1WTjIhT1OSa6dWjP6Gu4H3unqUkdbnBHmgrdBx/TKuhm0fHarsIyGsneMSA==",
      "dev": true,
      "requires": {
        "@webassemblyjs/floating-point-hex-parser": "https://github.com/mitschabaude/webassemblyjs/releases/download/v1.11.1-3/webassemblyjs-floating-point-hex-parser.tgz",
        "@webassemblyjs/helper-api-error": "https://github.com/mitschabaude/webassemblyjs/releases/download/v1.11.1-3/webassemblyjs-helper-api-error.tgz",
        "@xtuc/long": "4.2.2"
      }
    },
    "@webassemblyjs/helper-wasm-bytecode": {
      "version": "https://github.com/mitschabaude/webassemblyjs/releases/download/v1.11.1-3/webassemblyjs-helper-wasm-bytecode.tgz",
      "integrity": "sha512-XPAPtrVginHTCjk4taKHVZq7A1mC8zcLrNS3PTWzR84IX1RUdVI7XpAulr6F6bzBHrpRfm8JDq9PhLxCqEjgvA==",
      "dev": true
    },
    "@webassemblyjs/ieee754": {
      "version": "https://github.com/mitschabaude/webassemblyjs/releases/download/v1.11.1-3/webassemblyjs-ieee754.tgz",
      "integrity": "sha512-xhKvCB2yysf6hg7LE52/0Q4DK9ydWkZIPwhQuGBtatSjwxU1oFd7JxQe+oqd8bmrYEd/W86Cq1FfA81IOpKTqA==",
      "dev": true,
      "requires": {
        "@xtuc/ieee754": "^1.2.0"
      }
    },
    "@webassemblyjs/leb128": {
      "version": "https://github.com/mitschabaude/webassemblyjs/releases/download/v1.11.1-3/webassemblyjs-leb128.tgz",
      "integrity": "sha512-eXvoK2Q3MG9IXIRmVncysJDk2y7ImoztWbbRE/UytbBAFkw/c2qxTVty3gX2YhoRjAvv9/ifBqVkBZ8uh4/KSg==",
      "dev": true,
      "requires": {
        "@xtuc/long": "4.2.2"
      }
    },
    "@webassemblyjs/utf8": {
      "version": "https://github.com/mitschabaude/webassemblyjs/releases/download/v1.11.1-3/webassemblyjs-utf8.tgz",
      "integrity": "sha512-K0M8V6g1+k4hSoP/XdPvAN2y7A2FYP5IThWUTRSif1KhbiggxF1jbiVoq7YLCucWA8MZs/f5p257KKqtSKXP1A==",
      "dev": true
    },
    "@webassemblyjs/wasm-parser": {
      "version": "https://github.com/mitschabaude/webassemblyjs/releases/latest/download/webassemblyjs-wasm-parser.tgz",
      "integrity": "sha512-/jo3/7k69tIuWln/HaHKhTfm3f3zISDmCXKVFeGPc3XMPLr11EY0p3zPyHG1SKHkWETdG5LJIhMaD+CAlfk6qg==",
      "dev": true,
      "requires": {
        "@webassemblyjs/ast": "https://github.com/mitschabaude/webassemblyjs/releases/download/v1.11.1-3/webassemblyjs-ast.tgz",
        "@webassemblyjs/helper-api-error": "https://github.com/mitschabaude/webassemblyjs/releases/download/v1.11.1-3/webassemblyjs-helper-api-error.tgz",
        "@webassemblyjs/helper-wasm-bytecode": "https://github.com/mitschabaude/webassemblyjs/releases/download/v1.11.1-3/webassemblyjs-helper-wasm-bytecode.tgz",
        "@webassemblyjs/ieee754": "https://github.com/mitschabaude/webassemblyjs/releases/download/v1.11.1-3/webassemblyjs-ieee754.tgz",
        "@webassemblyjs/leb128": "https://github.com/mitschabaude/webassemblyjs/releases/download/v1.11.1-3/webassemblyjs-leb128.tgz",
        "@webassemblyjs/utf8": "https://github.com/mitschabaude/webassemblyjs/releases/download/v1.11.1-3/webassemblyjs-utf8.tgz"
      }
    },
    "@webassemblyjs/wast-parser": {
      "version": "https://github.com/mitschabaude/webassemblyjs/releases/latest/download/webassemblyjs-wast-parser.tgz",
      "integrity": "sha512-DVGZfBnzYbqyHuvAKGiDc8gw0s0MITY2zrsPGvtx2XpaNJ1tHaeNpyOHs+GvN6/k7VsuEmNqrIzTpl6apw1oSQ==",
      "dev": true,
      "requires": {
        "@webassemblyjs/ast": "https://github.com/mitschabaude/webassemblyjs/releases/download/v1.11.1-3/webassemblyjs-ast.tgz",
        "@webassemblyjs/floating-point-hex-parser": "https://github.com/mitschabaude/webassemblyjs/releases/download/v1.11.1-3/webassemblyjs-floating-point-hex-parser.tgz",
        "@webassemblyjs/helper-api-error": "https://github.com/mitschabaude/webassemblyjs/releases/download/v1.11.1-3/webassemblyjs-helper-api-error.tgz",
        "@webassemblyjs/helper-code-frame": "https://github.com/mitschabaude/webassemblyjs/releases/download/v1.11.1-3/webassemblyjs-helper-code-frame.tgz",
        "@webassemblyjs/helper-fsm": "https://github.com/mitschabaude/webassemblyjs/releases/download/v1.11.1-3/webassemblyjs-helper-fsm.tgz",
        "@xtuc/long": "4.2.2"
      }
    },
    "@webassemblyjs/wast-printer": {
      "version": "https://github.com/mitschabaude/webassemblyjs/releases/latest/download/webassemblyjs-wast-printer.tgz",
      "integrity": "sha512-WFuDIpmoSfU0Du2GA/UGluMJLgKWALsGPcvkDFg3GDgxdDyva1hIW+8K6frSbv/YTwo50gBhW5dw4OB7cr6T5Q==",
      "dev": true,
      "requires": {
        "@webassemblyjs/ast": "https://github.com/mitschabaude/webassemblyjs/releases/download/v1.11.1-3/webassemblyjs-ast.tgz",
        "@xtuc/long": "4.2.2"
      }
    },
    "@xtuc/ieee754": {
      "version": "1.2.0",
      "resolved": "https://registry.npmjs.org/@xtuc/ieee754/-/ieee754-1.2.0.tgz",
      "integrity": "sha512-DX8nKgqcGwsc0eJSqYt5lwP4DH5FlHnmuWWBRy7X0NcaGR0ZtuyeESgMwTYVEtxmsNGY+qit4QYT/MIYTOTPeA==",
      "dev": true
    },
    "@xtuc/long": {
      "version": "4.2.2",
      "resolved": "https://registry.npmjs.org/@xtuc/long/-/long-4.2.2.tgz",
      "integrity": "sha512-NuHqBY1PB/D8xU6s/thBgOAiAP7HOYDQ32+BFZILJ8ivkUkAHQnWfn6WhL79Owj1qmUnoN/YPhktdIoucipkAQ==",
      "dev": true
    },
    "binaryen": {
      "version": "109.0.0",
      "resolved": "https://registry.npmjs.org/binaryen/-/binaryen-109.0.0.tgz",
      "integrity": "sha512-Sslc4IiG9hh8+sX9cGkEWZm62FWfGFR8TYaDxVsaxqsa0L8zaD779S+16YX73CbA8n5YLjjCvY4R1duXMDzB0g==",
      "dev": true
    },
    "commondir": {
      "version": "1.0.1",
      "resolved": "https://registry.npmjs.org/commondir/-/commondir-1.0.1.tgz",
      "integrity": "sha512-W9pAhw0ja1Edb5GVdIF1mjZw/ASI0AlShXM83UUGe2DVr5TdAPEA1OA8m/g8zWp9x6On7gqufY+FatDbC3MDQg==",
      "dev": true
    },
    "es-module-lexer": {
      "version": "0.4.1",
      "resolved": "https://registry.npmjs.org/es-module-lexer/-/es-module-lexer-0.4.1.tgz",
      "integrity": "sha512-ooYciCUtfw6/d2w56UVeqHPcoCFAiJdz5XOkYpv/Txl1HMUozpXjz/2RIQgqwKdXNDPSF1W7mJCFse3G+HDyAA==",
      "dev": true
    },
    "esbuild": {
      "version": "0.14.47",
      "resolved": "https://registry.npmjs.org/esbuild/-/esbuild-0.14.47.tgz",
      "integrity": "sha512-wI4ZiIfFxpkuxB8ju4MHrGwGLyp1+awEHAHVpx6w7a+1pmYIq8T9FGEVVwFo0iFierDoMj++Xq69GXWYn2EiwA==",
      "dev": true,
      "requires": {
        "esbuild-android-64": "0.14.47",
        "esbuild-android-arm64": "0.14.47",
        "esbuild-darwin-64": "0.14.47",
        "esbuild-darwin-arm64": "0.14.47",
        "esbuild-freebsd-64": "0.14.47",
        "esbuild-freebsd-arm64": "0.14.47",
        "esbuild-linux-32": "0.14.47",
        "esbuild-linux-64": "0.14.47",
        "esbuild-linux-arm": "0.14.47",
        "esbuild-linux-arm64": "0.14.47",
        "esbuild-linux-mips64le": "0.14.47",
        "esbuild-linux-ppc64le": "0.14.47",
        "esbuild-linux-riscv64": "0.14.47",
        "esbuild-linux-s390x": "0.14.47",
        "esbuild-netbsd-64": "0.14.47",
        "esbuild-openbsd-64": "0.14.47",
        "esbuild-sunos-64": "0.14.47",
        "esbuild-windows-32": "0.14.47",
        "esbuild-windows-64": "0.14.47",
        "esbuild-windows-arm64": "0.14.47"
      }
    },
    "esbuild-android-64": {
      "version": "0.14.47",
      "resolved": "https://registry.npmjs.org/esbuild-android-64/-/esbuild-android-64-0.14.47.tgz",
      "integrity": "sha512-R13Bd9+tqLVFndncMHssZrPWe6/0Kpv2/dt4aA69soX4PRxlzsVpCvoJeFE8sOEoeVEiBkI0myjlkDodXlHa0g==",
      "dev": true,
      "optional": true
    },
    "esbuild-android-arm64": {
      "version": "0.14.47",
      "resolved": "https://registry.npmjs.org/esbuild-android-arm64/-/esbuild-android-arm64-0.14.47.tgz",
      "integrity": "sha512-OkwOjj7ts4lBp/TL6hdd8HftIzOy/pdtbrNA4+0oVWgGG64HrdVzAF5gxtJufAPOsEjkyh1oIYvKAUinKKQRSQ==",
      "dev": true,
      "optional": true
    },
    "esbuild-darwin-64": {
      "version": "0.14.47",
      "resolved": "https://registry.npmjs.org/esbuild-darwin-64/-/esbuild-darwin-64-0.14.47.tgz",
      "integrity": "sha512-R6oaW0y5/u6Eccti/TS6c/2c1xYTb1izwK3gajJwi4vIfNs1s8B1dQzI1UiC9T61YovOQVuePDcfqHLT3mUZJA==",
      "dev": true,
      "optional": true
    },
    "esbuild-darwin-arm64": {
      "version": "0.14.47",
      "resolved": "https://registry.npmjs.org/esbuild-darwin-arm64/-/esbuild-darwin-arm64-0.14.47.tgz",
      "integrity": "sha512-seCmearlQyvdvM/noz1L9+qblC5vcBrhUaOoLEDDoLInF/VQ9IkobGiLlyTPYP5dW1YD4LXhtBgOyevoIHGGnw==",
      "dev": true,
      "optional": true
    },
    "esbuild-freebsd-64": {
      "version": "0.14.47",
      "resolved": "https://registry.npmjs.org/esbuild-freebsd-64/-/esbuild-freebsd-64-0.14.47.tgz",
      "integrity": "sha512-ZH8K2Q8/Ux5kXXvQMDsJcxvkIwut69KVrYQhza/ptkW50DC089bCVrJZZ3sKzIoOx+YPTrmsZvqeZERjyYrlvQ==",
      "dev": true,
      "optional": true
    },
    "esbuild-freebsd-arm64": {
      "version": "0.14.47",
      "resolved": "https://registry.npmjs.org/esbuild-freebsd-arm64/-/esbuild-freebsd-arm64-0.14.47.tgz",
      "integrity": "sha512-ZJMQAJQsIOhn3XTm7MPQfCzEu5b9STNC+s90zMWe2afy9EwnHV7Ov7ohEMv2lyWlc2pjqLW8QJnz2r0KZmeAEQ==",
      "dev": true,
      "optional": true
    },
    "esbuild-linux-32": {
      "version": "0.14.47",
      "resolved": "https://registry.npmjs.org/esbuild-linux-32/-/esbuild-linux-32-0.14.47.tgz",
      "integrity": "sha512-FxZOCKoEDPRYvq300lsWCTv1kcHgiiZfNrPtEhFAiqD7QZaXrad8LxyJ8fXGcWzIFzRiYZVtB3ttvITBvAFhKw==",
      "dev": true,
      "optional": true
    },
    "esbuild-linux-64": {
      "version": "0.14.47",
      "resolved": "https://registry.npmjs.org/esbuild-linux-64/-/esbuild-linux-64-0.14.47.tgz",
      "integrity": "sha512-nFNOk9vWVfvWYF9YNYksZptgQAdstnDCMtR6m42l5Wfugbzu11VpMCY9XrD4yFxvPo9zmzcoUL/88y0lfJZJJw==",
      "dev": true,
      "optional": true
    },
    "esbuild-linux-arm": {
      "version": "0.14.47",
      "resolved": "https://registry.npmjs.org/esbuild-linux-arm/-/esbuild-linux-arm-0.14.47.tgz",
      "integrity": "sha512-ZGE1Bqg/gPRXrBpgpvH81tQHpiaGxa8c9Rx/XOylkIl2ypLuOcawXEAo8ls+5DFCcRGt/o3sV+PzpAFZobOsmA==",
      "dev": true,
      "optional": true
    },
    "esbuild-linux-arm64": {
      "version": "0.14.47",
      "resolved": "https://registry.npmjs.org/esbuild-linux-arm64/-/esbuild-linux-arm64-0.14.47.tgz",
      "integrity": "sha512-ywfme6HVrhWcevzmsufjd4iT3PxTfCX9HOdxA7Hd+/ZM23Y9nXeb+vG6AyA6jgq/JovkcqRHcL9XwRNpWG6XRw==",
      "dev": true,
      "optional": true
    },
    "esbuild-linux-mips64le": {
      "version": "0.14.47",
      "resolved": "https://registry.npmjs.org/esbuild-linux-mips64le/-/esbuild-linux-mips64le-0.14.47.tgz",
      "integrity": "sha512-mg3D8YndZ1LvUiEdDYR3OsmeyAew4MA/dvaEJxvyygahWmpv1SlEEnhEZlhPokjsUMfRagzsEF/d/2XF+kTQGg==",
      "dev": true,
      "optional": true
    },
    "esbuild-linux-ppc64le": {
      "version": "0.14.47",
      "resolved": "https://registry.npmjs.org/esbuild-linux-ppc64le/-/esbuild-linux-ppc64le-0.14.47.tgz",
      "integrity": "sha512-WER+f3+szmnZiWoK6AsrTKGoJoErG2LlauSmk73LEZFQ/iWC+KhhDsOkn1xBUpzXWsxN9THmQFltLoaFEH8F8w==",
      "dev": true,
      "optional": true
    },
    "esbuild-linux-riscv64": {
      "version": "0.14.47",
      "resolved": "https://registry.npmjs.org/esbuild-linux-riscv64/-/esbuild-linux-riscv64-0.14.47.tgz",
      "integrity": "sha512-1fI6bP3A3rvI9BsaaXbMoaOjLE3lVkJtLxsgLHqlBhLlBVY7UqffWBvkrX/9zfPhhVMd9ZRFiaqXnB1T7BsL2g==",
      "dev": true,
      "optional": true
    },
    "esbuild-linux-s390x": {
      "version": "0.14.47",
      "resolved": "https://registry.npmjs.org/esbuild-linux-s390x/-/esbuild-linux-s390x-0.14.47.tgz",
      "integrity": "sha512-eZrWzy0xFAhki1CWRGnhsHVz7IlSKX6yT2tj2Eg8lhAwlRE5E96Hsb0M1mPSE1dHGpt1QVwwVivXIAacF/G6mw==",
      "dev": true,
      "optional": true
    },
    "esbuild-netbsd-64": {
      "version": "0.14.47",
      "resolved": "https://registry.npmjs.org/esbuild-netbsd-64/-/esbuild-netbsd-64-0.14.47.tgz",
      "integrity": "sha512-Qjdjr+KQQVH5Q2Q1r6HBYswFTToPpss3gqCiSw2Fpq/ua8+eXSQyAMG+UvULPqXceOwpnPo4smyZyHdlkcPppQ==",
      "dev": true,
      "optional": true
    },
    "esbuild-openbsd-64": {
      "version": "0.14.47",
      "resolved": "https://registry.npmjs.org/esbuild-openbsd-64/-/esbuild-openbsd-64-0.14.47.tgz",
      "integrity": "sha512-QpgN8ofL7B9z8g5zZqJE+eFvD1LehRlxr25PBkjyyasakm4599iroUpaj96rdqRlO2ShuyqwJdr+oNqWwTUmQw==",
      "dev": true,
      "optional": true
    },
    "esbuild-plugin-wat": {
      "version": "0.2.7",
      "resolved": "https://registry.npmjs.org/esbuild-plugin-wat/-/esbuild-plugin-wat-0.2.7.tgz",
      "integrity": "sha512-Hb2BJHezVrKDu3zY/gAKdLa5j3l8ybgi7UDgxFHwpxjMRqmMgceBa1FIQLZovfh5bhbl1u0n4MMnhRS0yM1BNg==",
      "dev": true,
      "requires": {
        "@webassemblyjs/ast": "https://github.com/mitschabaude/webassemblyjs/releases/latest/download/webassemblyjs-ast.tgz",
        "@webassemblyjs/wasm-parser": "https://github.com/mitschabaude/webassemblyjs/releases/latest/download/webassemblyjs-wasm-parser.tgz",
        "@webassemblyjs/wast-parser": "https://github.com/mitschabaude/webassemblyjs/releases/latest/download/webassemblyjs-wast-parser.tgz",
        "@webassemblyjs/wast-printer": "https://github.com/mitschabaude/webassemblyjs/releases/latest/download/webassemblyjs-wast-printer.tgz",
        "binaryen": "latest",
        "find-cache-dir": "^3.3.1",
        "minimist": "^1.2.5",
        "parse-imports": "^1.1.0",
        "wabt": "latest"
      }
    },
    "esbuild-sunos-64": {
      "version": "0.14.47",
      "resolved": "https://registry.npmjs.org/esbuild-sunos-64/-/esbuild-sunos-64-0.14.47.tgz",
      "integrity": "sha512-uOeSgLUwukLioAJOiGYm3kNl+1wJjgJA8R671GYgcPgCx7QR73zfvYqXFFcIO93/nBdIbt5hd8RItqbbf3HtAQ==",
      "dev": true,
      "optional": true
    },
    "esbuild-windows-32": {
      "version": "0.14.47",
      "resolved": "https://registry.npmjs.org/esbuild-windows-32/-/esbuild-windows-32-0.14.47.tgz",
      "integrity": "sha512-H0fWsLTp2WBfKLBgwYT4OTfFly4Im/8B5f3ojDv1Kx//kiubVY0IQunP2Koc/fr/0wI7hj3IiBDbSrmKlrNgLQ==",
      "dev": true,
      "optional": true
    },
    "esbuild-windows-64": {
      "version": "0.14.47",
      "resolved": "https://registry.npmjs.org/esbuild-windows-64/-/esbuild-windows-64-0.14.47.tgz",
      "integrity": "sha512-/Pk5jIEH34T68r8PweKRi77W49KwanZ8X6lr3vDAtOlH5EumPE4pBHqkCUdELanvsT14yMXLQ/C/8XPi1pAtkQ==",
      "dev": true,
      "optional": true
    },
    "esbuild-windows-arm64": {
      "version": "0.14.47",
      "resolved": "https://registry.npmjs.org/esbuild-windows-arm64/-/esbuild-windows-arm64-0.14.47.tgz",
      "integrity": "sha512-HFSW2lnp62fl86/qPQlqw6asIwCnEsEoNIL1h2uVMgakddf+vUuMcCbtUY1i8sst7KkgHrVKCJQB33YhhOweCQ==",
      "dev": true,
      "optional": true
    },
    "find-cache-dir": {
      "version": "3.3.2",
      "resolved": "https://registry.npmjs.org/find-cache-dir/-/find-cache-dir-3.3.2.tgz",
      "integrity": "sha512-wXZV5emFEjrridIgED11OoUKLxiYjAcqot/NJdAkOhlJ+vGzwhOAfcG5OX1jP+S0PcjEn8bdMJv+g2jwQ3Onig==",
      "dev": true,
      "requires": {
        "commondir": "^1.0.1",
        "make-dir": "^3.0.2",
        "pkg-dir": "^4.1.0"
      }
    },
    "find-up": {
      "version": "4.1.0",
      "resolved": "https://registry.npmjs.org/find-up/-/find-up-4.1.0.tgz",
      "integrity": "sha512-PpOwAdQ/YlXQ2vj8a3h8IipDuYRi3wceVQQGYWxNINccq40Anw7BlsEXCMbt1Zt+OLA6Fq9suIpIWD0OsnISlw==",
      "dev": true,
      "requires": {
        "locate-path": "^5.0.0",
        "path-exists": "^4.0.0"
      }
    },
    "locate-path": {
      "version": "5.0.0",
      "resolved": "https://registry.npmjs.org/locate-path/-/locate-path-5.0.0.tgz",
      "integrity": "sha512-t7hw9pI+WvuwNJXwk5zVHpyhIqzg2qTlklJOf0mVxGSbe3Fp2VieZcduNYjaLDoy6p9uGpQEGWG87WpMKlNq8g==",
      "dev": true,
      "requires": {
        "p-locate": "^4.1.0"
      }
    },
    "make-dir": {
      "version": "3.1.0",
      "resolved": "https://registry.npmjs.org/make-dir/-/make-dir-3.1.0.tgz",
      "integrity": "sha512-g3FeP20LNwhALb/6Cz6Dd4F2ngze0jz7tbzrD2wAV+o9FeNHe4rL+yK2md0J/fiSf1sa1ADhXqi5+oVwOM/eGw==",
      "dev": true,
      "requires": {
        "semver": "^6.0.0"
      }
    },
    "minimist": {
      "version": "1.2.6",
      "resolved": "https://registry.npmjs.org/minimist/-/minimist-1.2.6.tgz",
      "integrity": "sha512-Jsjnk4bw3YJqYzbdyBiNsPWHPfO++UGG749Cxs6peCu5Xg4nrena6OVxOYxrQTqww0Jmwt+Ref8rggumkTLz9Q==",
      "dev": true
    },
    "p-limit": {
      "version": "2.3.0",
      "resolved": "https://registry.npmjs.org/p-limit/-/p-limit-2.3.0.tgz",
      "integrity": "sha512-//88mFWSJx8lxCzwdAABTJL2MyWB12+eIY7MDL2SqLmAkeKU9qxRvWuSyTjm3FUmpBEMuFfckAIqEaVGUDxb6w==",
      "dev": true,
      "requires": {
        "p-try": "^2.0.0"
      }
    },
    "p-locate": {
      "version": "4.1.0",
      "resolved": "https://registry.npmjs.org/p-locate/-/p-locate-4.1.0.tgz",
      "integrity": "sha512-R79ZZ/0wAxKGu3oYMlz8jy/kbhsNrS7SKZ7PxEHBgJ5+F2mtFW2fK2cOtBh1cHYkQsbzFV7I+EoRKe6Yt0oK7A==",
      "dev": true,
      "requires": {
        "p-limit": "^2.2.0"
      }
    },
    "p-try": {
      "version": "2.2.0",
      "resolved": "https://registry.npmjs.org/p-try/-/p-try-2.2.0.tgz",
      "integrity": "sha512-R4nPAVTAU0B9D35/Gk3uJf/7XYbQcyohSKdvAxIRSNghFl4e71hVoGnBNQz9cWaXxO2I10KTC+3jMdvvoKw6dQ==",
      "dev": true
    },
    "parse-imports": {
      "version": "1.1.0",
      "resolved": "https://registry.npmjs.org/parse-imports/-/parse-imports-1.1.0.tgz",
      "integrity": "sha512-ov3Rc9e3wX9+BLR7nFx08+ThdLJfzi8ZXQrqZXfmuxdL+JCCN24m2uuBFBoaa/yyiZ9s8HjcHGDKSXJbKAyDQA==",
      "dev": true,
      "requires": {
        "es-module-lexer": "0.4.1",
        "slashes": "2.0.2"
      }
    },
    "path-exists": {
      "version": "4.0.0",
      "resolved": "https://registry.npmjs.org/path-exists/-/path-exists-4.0.0.tgz",
      "integrity": "sha512-ak9Qy5Q7jYb2Wwcey5Fpvg2KoAc/ZIhLSLOSBmRmygPsGwkVVt0fZa0qrtMz+m6tJTAHfZQ8FnmB4MG4LWy7/w==",
      "dev": true
    },
    "pkg-dir": {
      "version": "4.2.0",
      "resolved": "https://registry.npmjs.org/pkg-dir/-/pkg-dir-4.2.0.tgz",
      "integrity": "sha512-HRDzbaKjC+AOWVXxAU/x54COGeIv9eb+6CkDSQoNTt4XyWoIJvuPsXizxu/Fr23EiekbtZwmh1IcIG/l/a10GQ==",
      "dev": true,
      "requires": {
        "find-up": "^4.0.0"
      }
    },
    "semver": {
      "version": "6.3.0",
      "resolved": "https://registry.npmjs.org/semver/-/semver-6.3.0.tgz",
      "integrity": "sha512-b39TBaTSfV6yBrapU89p5fKekE2m/NwnDocOVruQFS1/veMgdzuPcnOM34M6CwxW8jH/lxEa5rBoDeUwu5HHTw==",
      "dev": true
    },
    "slashes": {
      "version": "2.0.2",
      "resolved": "https://registry.npmjs.org/slashes/-/slashes-2.0.2.tgz",
      "integrity": "sha512-68p+QkFAQQRetIUzNXAdktNJr8AYLxJukjBegYQz8F7VATsBJG621UYtY/vS2j9jerxdJ1k6Tc25K4DXEw1d5w==",
      "dev": true
    },
    "typescript": {
      "version": "4.7.4",
      "resolved": "https://registry.npmjs.org/typescript/-/typescript-4.7.4.tgz",
      "integrity": "sha512-C0WQT0gezHuw6AdY1M2jxUO83Rjf0HP7Sk1DtXj6j1EwkQNZrHAg2XPWlq62oqEhYvONq5pkC2Y9oPljWToLmQ=="
    },
    "wabt": {
      "version": "1.0.29",
      "resolved": "https://registry.npmjs.org/wabt/-/wabt-1.0.29.tgz",
      "integrity": "sha512-taUwem3bYn5ZrDYSNqJ2lIAXA3t0Xon7rLjRa8PZ21h8vp0IP5SKyozcWFhv8PPC07KJkGWpDuSCnzSdJ01YsA==",
      "dev": true
    }
  }
}
