{
  "name": "todo",
  "version": "1.0.0",
  "lockfileVersion": 2,
  "requires": true,
  "packages": {
    "": {
      "name": "todo",
      "version": "1.0.0",
      "license": "ISC",
      "devDependencies": {
        "@teamkeel/runtime": "^0.79.1",
        "@teamkeel/sdk": "^0.79.1"
      }
    },
    "node_modules/@teamkeel/runtime": {
      "version": "0.79.1",
      "resolved": "https://registry.npmjs.org/@teamkeel/runtime/-/runtime-0.79.1.tgz",
      "integrity": "sha512-zLbEI8BzWYIHc18NsiupEZJvEGnWaW7t/fKYJCUlQcXXnvLWCtB7KkQjxzN1EtLQ5Qntd1U0PRY1NrP5V6bPWw==",
      "dev": true,
      "dependencies": {
        "typescript": "^4.7.4"
      }
    },
    "node_modules/@teamkeel/sdk": {
      "version": "0.79.1",
      "resolved": "https://registry.npmjs.org/@teamkeel/sdk/-/sdk-0.79.1.tgz",
      "integrity": "sha512-PBuoRryncMJZFyb9wQEltFyXXD2FCM6Pf3W+HataoJMMdQlKriswP8VbsqVlUX65utmddTX78EUK66QPVyVfxA==",
      "dev": true
    },
    "node_modules/typescript": {
      "version": "4.7.4",
      "resolved": "https://registry.npmjs.org/typescript/-/typescript-4.7.4.tgz",
      "integrity": "sha512-C0WQT0gezHuw6AdY1M2jxUO83Rjf0HP7Sk1DtXj6j1EwkQNZrHAg2XPWlq62oqEhYvONq5pkC2Y9oPljWToLmQ==",
      "dev": true,
      "bin": {
        "tsc": "bin/tsc",
        "tsserver": "bin/tsserver"
      },
      "engines": {
        "node": ">=4.2.0"
      }
    }
  },
  "dependencies": {
    "@teamkeel/runtime": {
      "version": "0.79.1",
      "resolved": "https://registry.npmjs.org/@teamkeel/runtime/-/runtime-0.79.1.tgz",
      "integrity": "sha512-zLbEI8BzWYIHc18NsiupEZJvEGnWaW7t/fKYJCUlQcXXnvLWCtB7KkQjxzN1EtLQ5Qntd1U0PRY1NrP5V6bPWw==",
      "dev": true,
      "requires": {
        "typescript": "^4.7.4"
      }
    },
    "@teamkeel/sdk": {
      "version": "0.79.1",
      "resolved": "https://registry.npmjs.org/@teamkeel/sdk/-/sdk-0.79.1.tgz",
      "integrity": "sha512-PBuoRryncMJZFyb9wQEltFyXXD2FCM6Pf3W+HataoJMMdQlKriswP8VbsqVlUX65utmddTX78EUK66QPVyVfxA==",
      "dev": true
    },
    "typescript": {
      "version": "4.7.4",
      "resolved": "https://registry.npmjs.org/typescript/-/typescript-4.7.4.tgz",
      "integrity": "sha512-C0WQT0gezHuw6AdY1M2jxUO83Rjf0HP7Sk1DtXj6j1EwkQNZrHAg2XPWlq62oqEhYvONq5pkC2Y9oPljWToLmQ==",
      "dev": true
    }
  }
}
