{
  "name": "todo",
  "version": "1.0.0",
  "lockfileVersion": 2,
  "requires": true,
  "packages": {
    "": {
      "name": "todo",
      "version": "1.0.0",
      "license": "ISC",
      "devDependencies": {
        "@teamkeel/runtime": "^0.80.0",
        "@teamkeel/sdk": "^0.80.0"
      }
    },
    "node_modules/@teamkeel/runtime": {
      "version": "0.80.0",
      "resolved": "https://registry.npmjs.org/@teamkeel/runtime/-/runtime-0.80.0.tgz",
      "integrity": "sha512-UPNpnENdlEAlHcBWeiAqTIRBEExhdAYOhxRpwNoLnXICDg7DHcHoDK5zPHPLsJRxzMghXAJwAsCxIbWj9aQ9kQ==",
      "dev": true,
      "dependencies": {
        "typescript": "^4.7.4"
      }
    },
    "node_modules/@teamkeel/sdk": {
      "version": "0.80.0",
      "resolved": "https://registry.npmjs.org/@teamkeel/sdk/-/sdk-0.80.0.tgz",
      "integrity": "sha512-iSLCN275bcy/QoJm4BLCy5b3BxozwGKDug3dhoK3ryo7dtQH+Ay5S5yVmXqGx/AnLtKLRJ9w2kfh2sv6QpYvbA==",
      "dev": true
    },
    "node_modules/typescript": {
      "version": "4.7.4",
      "resolved": "https://registry.npmjs.org/typescript/-/typescript-4.7.4.tgz",
      "integrity": "sha512-C0WQT0gezHuw6AdY1M2jxUO83Rjf0HP7Sk1DtXj6j1EwkQNZrHAg2XPWlq62oqEhYvONq5pkC2Y9oPljWToLmQ==",
      "dev": true,
      "bin": {
        "tsc": "bin/tsc",
        "tsserver": "bin/tsserver"
      },
      "engines": {
        "node": ">=4.2.0"
      }
    }
  },
  "dependencies": {
    "@teamkeel/runtime": {
      "version": "0.80.0",
      "resolved": "https://registry.npmjs.org/@teamkeel/runtime/-/runtime-0.80.0.tgz",
      "integrity": "sha512-UPNpnENdlEAlHcBWeiAqTIRBEExhdAYOhxRpwNoLnXICDg7DHcHoDK5zPHPLsJRxzMghXAJwAsCxIbWj9aQ9kQ==",
      "dev": true,
      "requires": {
        "typescript": "^4.7.4"
      }
    },
    "@teamkeel/sdk": {
      "version": "0.80.0",
      "resolved": "https://registry.npmjs.org/@teamkeel/sdk/-/sdk-0.80.0.tgz",
      "integrity": "sha512-iSLCN275bcy/QoJm4BLCy5b3BxozwGKDug3dhoK3ryo7dtQH+Ay5S5yVmXqGx/AnLtKLRJ9w2kfh2sv6QpYvbA==",
      "dev": true
    },
    "typescript": {
      "version": "4.7.4",
      "resolved": "https://registry.npmjs.org/typescript/-/typescript-4.7.4.tgz",
      "integrity": "sha512-C0WQT0gezHuw6AdY1M2jxUO83Rjf0HP7Sk1DtXj6j1EwkQNZrHAg2XPWlq62oqEhYvONq5pkC2Y9oPljWToLmQ==",
      "dev": true
    }
  }
}
